
Microsoft Visual Studio Solution File, Format Version 12.00
# Visual Studio Version 16
VisualStudioVersion = 16.0.31129.286
MinimumVisualStudioVersion = 10.0.40219.1
Project("{9A19103F-16F7-4668-BE54-9A1E7A4F7556}") = "WebSocketCompliance", "src\WebSocketCompliance.csproj", "{01427AE6-8929-4352-B887-DB9F3622A05E}"
EndProject
Global
	GlobalSection(SolutionConfigurationPlatforms) = preSolution
		Debug|Any CPU = Debug|Any CPU
		Release|Any CPU = Release|Any CPU
	EndGlobalSection
	GlobalSection(ProjectConfigurationPlatforms) = postSolution
		{01427AE6-8929-4352-B887-DB9F3622A05E}.Debug|Any CPU.ActiveCfg = Debug|Any CPU
		{01427AE6-8929-4352-B887-DB9F3622A05E}.Debug|Any CPU.Build.0 = Debug|Any CPU
		{01427AE6-8929-4352-B887-DB9F3622A05E}.Release|Any CPU.ActiveCfg = Release|Any CPU
		{01427AE6-8929-4352-B887-DB9F3622A05E}.Release|Any CPU.Build.0 = Release|Any CPU
	EndGlobalSection
	GlobalSection(SolutionProperties) = preSolution
		HideSolutionNode = FALSE
	EndGlobalSection
	GlobalSection(ExtensibilityGlobals) = postSolution
		SolutionGuid = {2081C4E0-CB5B-47DC-89EC-579798FA30DA}
	EndGlobalSection
EndGlobal
